
Microsoft Visual Studio Solution File, Format Version 12.00
# Visual Studio Version 16
VisualStudioVersion = 16.0.30517.126
MinimumVisualStudioVersion = 10.0.40219.1
Project("{9A19103F-16F7-4668-BE54-9A1E7A4F7556}") = "order-management", "order-management\order-management.csproj", "{04F8F3B4-EF27-4D15-98E8-D76A83149498}"
EndProject
Project("{FAE04EC0-301F-11D3-BF4B-00C04F79EFBC}") = "order-management.tests", "order-management.tests\order-management.tests.csproj", "{93406DC0-8EB5-47B2-89E2-02F720A690EF}"
EndProject
Global
	GlobalSection(SolutionConfigurationPlatforms) = preSolution
		Debug|Any CPU = Debug|Any CPU
		Release|Any CPU = Release|Any CPU
	EndGlobalSection
	GlobalSection(ProjectConfigurationPlatforms) = postSolution
		{04F8F3B4-EF27-4D15-98E8-D76A83149498}.Debug|Any CPU.ActiveCfg = Debug|Any CPU
		{04F8F3B4-EF27-4D15-98E8-D76A83149498}.Debug|Any CPU.Build.0 = Debug|Any CPU
		{04F8F3B4-EF27-4D15-98E8-D76A83149498}.Release|Any CPU.ActiveCfg = Release|Any CPU
		{04F8F3B4-EF27-4D15-98E8-D76A83149498}.Release|Any CPU.Build.0 = Release|Any CPU
		{93406DC0-8EB5-47B2-89E2-02F720A690EF}.Debug|Any CPU.ActiveCfg = Debug|Any CPU
		{93406DC0-8EB5-47B2-89E2-02F720A690EF}.Debug|Any CPU.Build.0 = Debug|Any CPU
		{93406DC0-8EB5-47B2-89E2-02F720A690EF}.Release|Any CPU.ActiveCfg = Release|Any CPU
		{93406DC0-8EB5-47B2-89E2-02F720A690EF}.Release|Any CPU.Build.0 = Release|Any CPU
	EndGlobalSection
	GlobalSection(SolutionProperties) = preSolution
		HideSolutionNode = FALSE
	EndGlobalSection
	GlobalSection(ExtensibilityGlobals) = postSolution
		SolutionGuid = {87FD12B5-FA75-413E-A80B-A85114AE8DDD}
	EndGlobalSection
EndGlobal
